
Microsoft Visual Studio Solution File, Format Version 12.00
# Visual Studio 14
VisualStudioVersion = 14.0.23107.0
MinimumVisualStudioVersion = 10.0.40219.1
Project("{FAE04EC0-301F-11D3-BF4B-00C04F79EFBC}") = "MealOrderer", "MealOrderer\MealOrderer.csproj", "{04183D2B-C277-4C23-8308-EF3A12158493}"
EndProject
Project("{FAE04EC0-301F-11D3-BF4B-00C04F79EFBC}") = "Restaurant", "Kitchen\Restaurant.csproj", "{6A78682B-0500-4A7F-A143-0C95D119300C}"
EndProject
Project("{FAE04EC0-301F-11D3-BF4B-00C04F79EFBC}") = "RestaurantTests", "RestaurantTests\RestaurantTests.csproj", "{0596DA77-63C8-44D1-A20D-1754FC86D153}"
EndProject
Global
	GlobalSection(SolutionConfigurationPlatforms) = preSolution
		Debug|Any CPU = Debug|Any CPU
		Release|Any CPU = Release|Any CPU
	EndGlobalSection
	GlobalSection(ProjectConfigurationPlatforms) = postSolution
		{04183D2B-C277-4C23-8308-EF3A12158493}.Debug|Any CPU.ActiveCfg = Debug|Any CPU
		{04183D2B-C277-4C23-8308-EF3A12158493}.Debug|Any CPU.Build.0 = Debug|Any CPU
		{04183D2B-C277-4C23-8308-EF3A12158493}.Release|Any CPU.ActiveCfg = Release|Any CPU
		{04183D2B-C277-4C23-8308-EF3A12158493}.Release|Any CPU.Build.0 = Release|Any CPU
		{6A78682B-0500-4A7F-A143-0C95D119300C}.Debug|Any CPU.ActiveCfg = Debug|Any CPU
		{6A78682B-0500-4A7F-A143-0C95D119300C}.Debug|Any CPU.Build.0 = Debug|Any CPU
		{6A78682B-0500-4A7F-A143-0C95D119300C}.Release|Any CPU.ActiveCfg = Release|Any CPU
		{6A78682B-0500-4A7F-A143-0C95D119300C}.Release|Any CPU.Build.0 = Release|Any CPU
		{0596DA77-63C8-44D1-A20D-1754FC86D153}.Debug|Any CPU.ActiveCfg = Debug|Any CPU
		{0596DA77-63C8-44D1-A20D-1754FC86D153}.Debug|Any CPU.Build.0 = Debug|Any CPU
		{0596DA77-63C8-44D1-A20D-1754FC86D153}.Release|Any CPU.ActiveCfg = Release|Any CPU
		{0596DA77-63C8-44D1-A20D-1754FC86D153}.Release|Any CPU.Build.0 = Release|Any CPU
	EndGlobalSection
	GlobalSection(SolutionProperties) = preSolution
		HideSolutionNode = FALSE
	EndGlobalSection
EndGlobal
